// !$*UTF8*$!
{
	archiveVersion = 1;
	classes = {
	};
	objectVersion = 46;
	objects = {

/* Begin PBXBuildFile section */
		49D3EC5E1AE6474800DB5F10 /* AppDelegate.swift in Sources */ = {isa = PBXBuildFile; fileRef = 49D3EC5D1AE6474800DB5F10 /* AppDelegate.swift */; };
		49D3EC601AE6474800DB5F10 /* MasterViewController.swift in Sources */ = {isa = PBXBuildFile; fileRef = 49D3EC5F1AE6474800DB5F10 /* MasterViewController.swift */; };
		49D3EC621AE6474800DB5F10 /* DetailViewController.swift in Sources */ = {isa = PBXBuildFile; fileRef = 49D3EC611AE6474800DB5F10 /* DetailViewController.swift */; };
		49D3EC651AE6474800DB5F10 /* Main.storyboard in Resources */ = {isa = PBXBuildFile; fileRef = 49D3EC631AE6474800DB5F10 /* Main.storyboard */; };
		49D3EC671AE6474800DB5F10 /* Images.xcassets in Resources */ = {isa = PBXBuildFile; fileRef = 49D3EC661AE6474800DB5F10 /* Images.xcassets */; };
		49D3EC6A1AE6474800DB5F10 /* LaunchScreen.xib in Resources */ = {isa = PBXBuildFile; fileRef = 49D3EC681AE6474800DB5F10 /* LaunchScreen.xib */; };
		49D3EC761AE6474800DB5F10 /* test01Tests.swift in Sources */ = {isa = PBXBuildFile; fileRef = 49D3EC751AE6474800DB5F10 /* test01Tests.swift */; };
/* End PBXBuildFile section */

/* Begin PBXContainerItemProxy section */
		49D3EC701AE6474800DB5F10 /* PBXContainerItemProxy */ = {
			isa = PBXContainerItemProxy;
			containerPortal = 49D3EC501AE6474800DB5F10 /* Project object */;
			proxyType = 1;
			remoteGlobalIDString = 49D3EC571AE6474800DB5F10;
			remoteInfo = test01;
		};
/* End PBXContainerItemProxy section */

/* Begin PBXFileReference section */
		49D3EC581AE6474800DB5F10 /* test01.app */ = {isa = PBXFileReference; explicitFileType = wrapper.application; includeInIndex = 0; path = test01.app; sourceTree = BUILT_PRODUCTS_DIR; };
		49D3EC5C1AE6474800DB5F10 /* Info.plist */ = {isa = PBXFileReference; lastKnownFileType = text.plist.xml; path = Info.plist; sourceTree = "<group>"; };
		49D3EC5D1AE6474800DB5F10 /* AppDelegate.swift */ = {isa = PBXFileReference; lastKnownFileType = sourcecode.swift; path = AppDelegate.swift; sourceTree = "<group>"; };
		49D3EC5F1AE6474800DB5F10 /* MasterViewController.swift */ = {isa = PBXFileReference; lastKnownFileType = sourcecode.swift; path = MasterViewController.swift; sourceTree = "<group>"; };
		49D3EC611AE6474800DB5F10 /* DetailViewController.swift */ = {isa = PBXFileReference; lastKnownFileType = sourcecode.swift; path = DetailViewController.swift; sourceTree = "<group>"; };
		49D3EC641AE6474800DB5F10 /* Base */ = {isa = PBXFileReference; lastKnownFileType = file.storyboard; name = Base; path = Base.lproj/Main.storyboard; sourceTree = "<group>"; };
		49D3EC661AE6474800DB5F10 /* Images.xcassets */ = {isa = PBXFileReference; lastKnownFileType = folder.assetcatalog; path = Images.xcassets; sourceTree = "<group>"; };
		49D3EC691AE6474800DB5F10 /* Base */ = {isa = PBXFileReference; lastKnownFileType = file.xib; name = Base; path = Base.lproj/LaunchScreen.xib; sourceTree = "<group>"; };
		49D3EC6F1AE6474800DB5F10 /* test01Tests.xctest */ = {isa = PBXFileReference; explicitFileType = wrapper.cfbundle; includeInIndex = 0; path = test01Tests.xctest; sourceTree = BUILT_PRODUCTS_DIR; };
		49D3EC741AE6474800DB5F10 /* Info.plist */ = {isa = PBXFileReference; lastKnownFileType = text.plist.xml; path = Info.plist; sourceTree = "<group>"; };
		49D3EC751AE6474800DB5F10 /* test01Tests.swift */ = {isa = PBXFileReference; lastKnownFileType = sourcecode.swift; path = test01Tests.swift; sourceTree = "<group>"; };
/* End PBXFileReference section */

/* Begin PBXFrameworksBuildPhase section */
		49D3EC551AE6474800DB5F10 /* Frameworks */ = {
			isa = PBXFrameworksBuildPhase;
			buildActionMask = 2147483647;
			files = (
			);
			runOnlyForDeploymentPostprocessing = 0;
		};
		49D3EC6C1AE6474800DB5F10 /* Frameworks */ = {
			isa = PBXFrameworksBuildPhase;
			buildActionMask = 2147483647;
			files = (
			);
			runOnlyForDeploymentPostprocessing = 0;
		};
/* End PBXFrameworksBuildPhase section */

/* Begin PBXGroup section */
		49D3EC4F1AE6474800DB5F10 = {
			isa = PBXGroup;
			children = (
				49D3EC5A1AE6474800DB5F10 /* test01 */,
				49D3EC721AE6474800DB5F10 /* test01Tests */,
				49D3EC591AE6474800DB5F10 /* Products */,
			);
			sourceTree = "<group>";
		};
		49D3EC591AE6474800DB5F10 /* Products */ = {
			isa = PBXGroup;
			children = (
				49D3EC581AE6474800DB5F10 /* test01.app */,
				49D3EC6F1AE6474800DB5F10 /* test01Tests.xctest */,
			);
			name = Products;
			sourceTree = "<group>";
		};
		49D3EC5A1AE6474800DB5F10 /* test01 */ = {
			isa = PBXGroup;
			children = (
				49D3EC5D1AE6474800DB5F10 /* AppDelegate.swift */,
				49D3EC5F1AE6474800DB5F10 /* MasterViewController.swift */,
				49D3EC611AE6474800DB5F10 /* DetailViewController.swift */,
				49D3EC631AE6474800DB5F10 /* Main.storyboard */,
				49D3EC661AE6474800DB5F10 /* Images.xcassets */,
				49D3EC681AE6474800DB5F10 /* LaunchScreen.xib */,
				49D3EC5B1AE6474800DB5F10 /* Supporting Files */,
			);
			path = test01;
			sourceTree = "<group>";
		};
		49D3EC5B1AE6474800DB5F10 /* Supporting Files */ = {
			isa = PBXGroup;
			children = (
				49D3EC5C1AE6474800DB5F10 /* Info.plist */,
			);
			name = "Supporting Files";
			sourceTree = "<group>";
		};
		49D3EC721AE6474800DB5F10 /* test01Tests */ = {
			isa = PBXGroup;
			children = (
				49D3EC751AE6474800DB5F10 /* test01Tests.swift */,
				49D3EC731AE6474800DB5F10 /* Supporting Files */,
			);
			path = test01Tests;
			sourceTree = "<group>";
		};
		49D3EC731AE6474800DB5F10 /* Supporting Files */ = {
			isa = PBXGroup;
			children = (
				49D3EC741AE6474800DB5F10 /* Info.plist */,
			);
			name = "Supporting Files";
			sourceTree = "<group>";
		};
/* End PBXGroup section */

/* Begin PBXNativeTarget section */
		49D3EC571AE6474800DB5F10 /* test01 */ = {
			isa = PBXNativeTarget;
			buildConfigurationList = 49D3EC791AE6474800DB5F10 /* Build configuration list for PBXNativeTarget "test01" */;
			buildPhases = (
				49D3EC541AE6474800DB5F10 /* Sources */,
				49D3EC551AE6474800DB5F10 /* Frameworks */,
				49D3EC561AE6474800DB5F10 /* Resources */,
			);
			buildRules = (
			);
			dependencies = (
			);
			name = test01;
			productName = test01;
			productReference = 49D3EC581AE6474800DB5F10 /* test01.app */;
			productType = "com.apple.product-type.application";
		};
		49D3EC6E1AE6474800DB5F10 /* test01Tests */ = {
			isa = PBXNativeTarget;
			buildConfigurationList = 49D3EC7C1AE6474800DB5F10 /* Build configuration list for PBXNativeTarget "test01Tests" */;
			buildPhases = (
				49D3EC6B1AE6474800DB5F10 /* Sources */,
				49D3EC6C1AE6474800DB5F10 /* Frameworks */,
				49D3EC6D1AE6474800DB5F10 /* Resources */,
			);
			buildRules = (
			);
			dependencies = (
				49D3EC711AE6474800DB5F10 /* PBXTargetDependency */,
			);
			name = test01Tests;
			productName = test01Tests;
			productReference = 49D3EC6F1AE6474800DB5F10 /* test01Tests.xctest */;
			productType = "com.apple.product-type.bundle.unit-test";
		};
/* End PBXNativeTarget section */

/* Begin PBXProject section */
		49D3EC501AE6474800DB5F10 /* Project object */ = {
			isa = PBXProject;
			attributes = {
				LastUpgradeCheck = 0630;
				ORGANIZATIONNAME = "Andrew Shek";
				TargetAttributes = {
					49D3EC571AE6474800DB5F10 = {
						CreatedOnToolsVersion = 6.3;
					};
					49D3EC6E1AE6474800DB5F10 = {
						CreatedOnToolsVersion = 6.3;
						TestTargetID = 49D3EC571AE6474800DB5F10;
					};
				};
			};
			buildConfigurationList = 49D3EC531AE6474800DB5F10 /* Build configuration list for PBXProject "test01" */;
			compatibilityVersion = "Xcode 3.2";
			developmentRegion = English;
			hasScannedForEncodings = 0;
			knownRegions = (
				en,
				Base,
			);
			mainGroup = 49D3EC4F1AE6474800DB5F10;
			productRefGroup = 49D3EC591AE6474800DB5F10 /* Products */;
			projectDirPath = "";
			projectRoot = "";
			targets = (
				49D3EC571AE6474800DB5F10 /* test01 */,
				49D3EC6E1AE6474800DB5F10 /* test01Tests */,
			);
		};
/* End PBXProject section */

/* Begin PBXResourcesBuildPhase section */
		49D3EC561AE6474800DB5F10 /* Resources */ = {
			isa = PBXResourcesBuildPhase;
			buildActionMask = 2147483647;
			files = (
				49D3EC651AE6474800DB5F10 /* Main.storyboard in Resources */,
				49D3EC6A1AE6474800DB5F10 /* LaunchScreen.xib in Resources */,
				49D3EC671AE6474800DB5F10 /* Images.xcassets in Resources */,
			);
			runOnlyForDeploymentPostprocessing = 0;
		};
		49D3EC6D1AE6474800DB5F10 /* Resources */ = {
			isa = PBXResourcesBuildPhase;
			buildActionMask = 2147483647;
			files = (
			);
			runOnlyForDeploymentPostprocessing = 0;
		};
/* End PBXResourcesBuildPhase section */

/* Begin PBXSourcesBuildPhase section */
		49D3EC541AE6474800DB5F10 /* Sources */ = {
			isa = PBXSourcesBuildPhase;
			buildActionMask = 2147483647;
			files = (
				49D3EC621AE6474800DB5F10 /* DetailViewController.swift in Sources */,
				49D3EC601AE6474800DB5F10 /* MasterViewController.swift in Sources */,
				49D3EC5E1AE6474800DB5F10 /* AppDelegate.swift in Sources */,
			);
			runOnlyForDeploymentPostprocessing = 0;
		};
		49D3EC6B1AE6474800DB5F10 /* Sources */ = {
			isa = PBXSourcesBuildPhase;
			buildActionMask = 2147483647;
			files = (
				49D3EC761AE6474800DB5F10 /* test01Tests.swift in Sources */,
			);
			runOnlyForDeploymentPostprocessing = 0;
		};
/* End PBXSourcesBuildPhase section */

/* Begin PBXTargetDependency section */
		49D3EC711AE6474800DB5F10 /* PBXTargetDependency */ = {
			isa = PBXTargetDependency;
			target = 49D3EC571AE6474800DB5F10 /* test01 */;
			targetProxy = 49D3EC701AE6474800DB5F10 /* PBXContainerItemProxy */;
		};
/* End PBXTargetDependency section */

/* Begin PBXVariantGroup section */
		49D3EC631AE6474800DB5F10 /* Main.storyboard */ = {
			isa = PBXVariantGroup;
			children = (
				49D3EC641AE6474800DB5F10 /* Base */,
			);
			name = Main.storyboard;
			sourceTree = "<group>";
		};
		49D3EC681AE6474800DB5F10 /* LaunchScreen.xib */ = {
			isa = PBXVariantGroup;
			children = (
				49D3EC691AE6474800DB5F10 /* Base */,
			);
			name = LaunchScreen.xib;
			sourceTree = "<group>";
		};
/* End PBXVariantGroup section */

/* Begin XCBuildConfiguration section */
		49D3EC771AE6474800DB5F10 /* Debug */ = {
			isa = XCBuildConfiguration;
			buildSettings = {
				ALWAYS_SEARCH_USER_PATHS = NO;
				CLANG_CXX_LANGUAGE_STANDARD = "gnu++0x";
				CLANG_CXX_LIBRARY = "libc++";
				CLANG_ENABLE_MODULES = YES;
				CLANG_ENABLE_OBJC_ARC = YES;
				CLANG_WARN_BOOL_CONVERSION = YES;
				CLANG_WARN_CONSTANT_CONVERSION = YES;
				CLANG_WARN_DIRECT_OBJC_ISA_USAGE = YES_ERROR;
				CLANG_WARN_EMPTY_BODY = YES;
				CLANG_WARN_ENUM_CONVERSION = YES;
				CLANG_WARN_INT_CONVERSION = YES;
				CLANG_WARN_OBJC_ROOT_CLASS = YES_ERROR;
				CLANG_WARN_UNREACHABLE_CODE = YES;
				CLANG_WARN__DUPLICATE_METHOD_MATCH = YES;
				"CODE_SIGN_IDENTITY[sdk=iphoneos*]" = "iPhone Developer";
				COPY_PHASE_STRIP = NO;
				DEBUG_INFORMATION_FORMAT = "dwarf-with-dsym";
				ENABLE_STRICT_OBJC_MSGSEND = YES;
				GCC_C_LANGUAGE_STANDARD = gnu99;
				GCC_DYNAMIC_NO_PIC = NO;
				GCC_NO_COMMON_BLOCKS = YES;
				GCC_OPTIMIZATION_LEVEL = 0;
				GCC_PREPROCESSOR_DEFINITIONS = (
					"DEBUG=1",
					"$(inherited)",
				);
				GCC_SYMBOLS_PRIVATE_EXTERN = NO;
				GCC_WARN_64_TO_32_BIT_CONVERSION = YES;
				GCC_WARN_ABOUT_RETURN_TYPE = YES_ERROR;
				GCC_WARN_UNDECLARED_SELECTOR = YES;
				GCC_WARN_UNINITIALIZED_AUTOS = YES_AGGRESSIVE;
				GCC_WARN_UNUSED_FUNCTION = YES;
				GCC_WARN_UNUSED_VARIABLE = YES;
				IPHONEOS_DEPLOYMENT_TARGET = 8.3;
				MTL_ENABLE_DEBUG_INFO = YES;
				ONLY_ACTIVE_ARCH = YES;
				SDKROOT = iphoneos;
				SWIFT_OPTIMIZATION_LEVEL = "-Onone";
				TARGETED_DEVICE_FAMILY = "1,2";
			};
			name = Debug;
		};
		49D3EC781AE6474800DB5F10 /* Release */ = {
			isa = XCBuildConfiguration;
			buildSettings = {
				ALWAYS_SEARCH_USER_PATHS = NO;
				CLANG_CXX_LANGUAGE_STANDARD = "gnu++0x";
				CLANG_CXX_LIBRARY = "libc++";
				CLANG_ENABLE_MODULES = YES;
				CLANG_ENABLE_OBJC_ARC = YES;
				CLANG_WARN_BOOL_CONVERSION = YES;
				CLANG_WARN_CONSTANT_CONVERSION = YES;
				CLANG_WARN_DIRECT_OBJC_ISA_USAGE = YES_ERROR;
				CLANG_WARN_EMPTY_BODY = YES;
				CLANG_WARN_ENUM_CONVERSION = YES;
				CLANG_WARN_INT_CONVERSION = YES;
				CLANG_WARN_OBJC_ROOT_CLASS = YES_ERROR;
				CLANG_WARN_UNREACHABLE_CODE = YES;
				CLANG_WARN__DUPLICATE_METHOD_MATCH = YES;
				"CODE_SIGN_IDENTITY[sdk=iphoneos*]" = "iPhone Developer";
				COPY_PHASE_STRIP = NO;
				DEBUG_INFORMATION_FORMAT = "dwarf-with-dsym";
				ENABLE_NS_ASSERTIONS = NO;
				ENABLE_STRICT_OBJC_MSGSEND = YES;
				GCC_C_LANGUAGE_STANDARD = gnu99;
				GCC_NO_COMMON_BLOCKS = YES;
				GCC_WARN_64_TO_32_BIT_CONVERSION = YES;
				GCC_WARN_ABOUT_RETURN_TYPE = YES_ERROR;
				GCC_WARN_UNDECLARED_SELECTOR = YES;
				GCC_WARN_UNINITIALIZED_AUTOS = YES_AGGRESSIVE;
				GCC_WARN_UNUSED_FUNCTION = YES;
				GCC_WARN_UNUSED_VARIABLE = YES;
				IPHONEOS_DEPLOYMENT_TARGET = 8.3;
				MTL_ENABLE_DEBUG_INFO = NO;
				SDKROOT = iphoneos;
				TARGETED_DEVICE_FAMILY = "1,2";
				VALIDATE_PRODUCT = YES;
			};
			name = Release;
		};
		49D3EC7A1AE6474800DB5F10 /* Debug */ = {
			isa = XCBuildConfiguration;
			buildSettings = {
				ASSETCATALOG_COMPILER_APPICON_NAME = AppIcon;
				INFOPLIST_FILE = test01/Info.plist;
				LD_RUNPATH_SEARCH_PATHS = "$(inherited) @executable_path/Frameworks";
				PRODUCT_NAME = "$(TARGET_NAME)";
			};
			name = Debug;
		};
		49D3EC7B1AE6474800DB5F10 /* Release */ = {
			isa = XCBuildConfiguration;
			buildSettings = {
				ASSETCATALOG_COMPILER_APPICON_NAME = AppIcon;
				INFOPLIST_FILE = test01/Info.plist;
				LD_RUNPATH_SEARCH_PATHS = "$(inherited) @executable_path/Frameworks";
				PRODUCT_NAME = "$(TARGET_NAME)";
			};
			name = Release;
		};
		49D3EC7D1AE6474800DB5F10 /* Debug */ = {
			isa = XCBuildConfiguration;
			buildSettings = {
				BUNDLE_LOADER = "$(TEST_HOST)";
				FRAMEWORK_SEARCH_PATHS = (
					"$(SDKROOT)/Developer/Library/Frameworks",
					"$(inherited)",
				);
				GCC_PREPROCESSOR_DEFINITIONS = (
					"DEBUG=1",
					"$(inherited)",
				);
				INFOPLIST_FILE = test01Tests/Info.plist;
				LD_RUNPATH_SEARCH_PATHS = "$(inherited) @executable_path/Frameworks @loader_path/Frameworks";
				PRODUCT_NAME = "$(TARGET_NAME)";
				TEST_HOST = "$(BUILT_PRODUCTS_DIR)/test01.app/test01";
			};
			name = Debug;
		};
		49D3EC7E1AE6474800DB5F10 /* Release */ = {
			isa = XCBuildConfiguration;
			buildSettings = {
				BUNDLE_LOADER = "$(TEST_HOST)";
				FRAMEWORK_SEARCH_PATHS = (
					"$(SDKROOT)/Developer/Library/Frameworks",
					"$(inherited)",
				);
				INFOPLIST_FILE = test01Tests/Info.plist;
				LD_RUNPATH_SEARCH_PATHS = "$(inherited) @executable_path/Frameworks @loader_path/Frameworks";
				PRODUCT_NAME = "$(TARGET_NAME)";
				TEST_HOST = "$(BUILT_PRODUCTS_DIR)/test01.app/test01";
			};
			name = Release;
		};
/* End XCBuildConfiguration section */

/* Begin XCConfigurationList section */
		49D3EC531AE6474800DB5F10 /* Build configuration list for PBXProject "test01" */ = {
			isa = XCConfigurationList;
			buildConfigurations = (
				49D3EC771AE6474800DB5F10 /* Debug */,
				49D3EC781AE6474800DB5F10 /* Release */,
			);
			defaultConfigurationIsVisible = 0;
			defaultConfigurationName = Release;
		};
		49D3EC791AE6474800DB5F10 /* Build configuration list for PBXNativeTarget "test01" */ = {
			isa = XCConfigurationList;
			buildConfigurations = (
				49D3EC7A1AE6474800DB5F10 /* Debug */,
				49D3EC7B1AE6474800DB5F10 /* Release */,
			);
			defaultConfigurationIsVisible = 0;
		};
		49D3EC7C1AE6474800DB5F10 /* Build configuration list for PBXNativeTarget "test01Tests" */ = {
			isa = XCConfigurationList;
			buildConfigurations = (
				49D3EC7D1AE6474800DB5F10 /* Debug */,
				49D3EC7E1AE6474800DB5F10 /* Release */,
			);
			defaultConfigurationIsVisible = 0;
		};
/* End XCConfigurationList section */
	};
	rootObject = 49D3EC501AE6474800DB5F10 /* Project object */;
}
